
Microsoft Visual Studio Solution File, Format Version 12.00
# Visual Studio 15
VisualStudioVersion = 15.0.28307.1062
MinimumVisualStudioVersion = 10.0.40219.1
Project("{9A19103F-16F7-4668-BE54-9A1E7A4F7556}") = "TestApplication.UiTests", "NUnitTestProject1\TestApplication.UiTests.csproj", "{18F6D743-03B8-4D32-87D9-7F5AA3C7D288}"
EndProject
Global
	GlobalSection(SolutionConfigurationPlatforms) = preSolution
		Debug|Any CPU = Debug|Any CPU
		Release|Any CPU = Release|Any CPU
	EndGlobalSection
	GlobalSection(ProjectConfigurationPlatforms) = postSolution
		{18F6D743-03B8-4D32-87D9-7F5AA3C7D288}.Debug|Any CPU.ActiveCfg = Debug|Any CPU
		{18F6D743-03B8-4D32-87D9-7F5AA3C7D288}.Debug|Any CPU.Build.0 = Debug|Any CPU
		{18F6D743-03B8-4D32-87D9-7F5AA3C7D288}.Release|Any CPU.ActiveCfg = Release|Any CPU
		{18F6D743-03B8-4D32-87D9-7F5AA3C7D288}.Release|Any CPU.Build.0 = Release|Any CPU
	EndGlobalSection
	GlobalSection(SolutionProperties) = preSolution
		HideSolutionNode = FALSE
	EndGlobalSection
	GlobalSection(ExtensibilityGlobals) = postSolution
		SolutionGuid = {7AE182D6-1239-415A-B702-00E60CEE987F}
	EndGlobalSection
EndGlobal
